
Microsoft Visual Studio Solution File, Format Version 12.00
# Visual Studio Version 16
VisualStudioVersion = 16.0.30804.86
MinimumVisualStudioVersion = 10.0.40219.1
Project("{FAE04EC0-301F-11D3-BF4B-00C04F79EFBC}") = "Agenda", "..\Code S.A\Agenda\Agenda.csproj", "{4389D4B4-4258-4EF5-8B08-1B688C50909D}"
EndProject
Global
	GlobalSection(SolutionConfigurationPlatforms) = preSolution
		Debug|Any CPU = Debug|Any CPU
		Release|Any CPU = Release|Any CPU
	EndGlobalSection
	GlobalSection(ProjectConfigurationPlatforms) = postSolution
		{4389D4B4-4258-4EF5-8B08-1B688C50909D}.Debug|Any CPU.ActiveCfg = Debug|Any CPU
		{4389D4B4-4258-4EF5-8B08-1B688C50909D}.Debug|Any CPU.Build.0 = Debug|Any CPU
		{4389D4B4-4258-4EF5-8B08-1B688C50909D}.Release|Any CPU.ActiveCfg = Release|Any CPU
		{4389D4B4-4258-4EF5-8B08-1B688C50909D}.Release|Any CPU.Build.0 = Release|Any CPU
	EndGlobalSection
	GlobalSection(SolutionProperties) = preSolution
		HideSolutionNode = FALSE
	EndGlobalSection
	GlobalSection(ExtensibilityGlobals) = postSolution
		SolutionGuid = {C2DC8E52-1CF0-4C6D-9A7F-144F0B4DE2A1}
	EndGlobalSection
EndGlobal
